
Microsoft Visual Studio Solution File, Format Version 12.00
# Visual Studio 15
VisualStudioVersion = 15.0.28307.572
MinimumVisualStudioVersion = 10.0.40219.1
Project("{FAE04EC0-301F-11D3-BF4B-00C04F79EFBC}") = "To-do List", "To-do List\To-do List.csproj", "{BC43C86A-7F66-4C55-AC80-77DC495A6EC8}"
EndProject
Global
	GlobalSection(SolutionConfigurationPlatforms) = preSolution
		Debug|Any CPU = Debug|Any CPU
		Release|Any CPU = Release|Any CPU
	EndGlobalSection
	GlobalSection(ProjectConfigurationPlatforms) = postSolution
		{BC43C86A-7F66-4C55-AC80-77DC495A6EC8}.Debug|Any CPU.ActiveCfg = Debug|Any CPU
		{BC43C86A-7F66-4C55-AC80-77DC495A6EC8}.Debug|Any CPU.Build.0 = Debug|Any CPU
		{BC43C86A-7F66-4C55-AC80-77DC495A6EC8}.Release|Any CPU.ActiveCfg = Release|Any CPU
		{BC43C86A-7F66-4C55-AC80-77DC495A6EC8}.Release|Any CPU.Build.0 = Release|Any CPU
	EndGlobalSection
	GlobalSection(SolutionProperties) = preSolution
		HideSolutionNode = FALSE
	EndGlobalSection
	GlobalSection(ExtensibilityGlobals) = postSolution
		SolutionGuid = {E1CB3532-9925-4D86-82D5-5E4AB35D893D}
	EndGlobalSection
EndGlobal
